// !$*UTF8*$!
{
	archiveVersion = 1;
	classes = {
	};
	objectVersion = 56;
	objects = {

/* Begin PBXBuildFile section */
		2C2665B6603D6A7EBA3A0C28 /* Pods_InventoryApp.framework in Frameworks */ = {isa = PBXBuildFile; fileRef = 4E61A19303A0E5671FEE8B6B /* Pods_InventoryApp.framework */; };
		DC0E64B02B5AAA1E0065FDF4 /* UserViewModel.swift in Sources */ = {isa = PBXBuildFile; fileRef = DC0E64AF2B5AAA1E0065FDF4 /* UserViewModel.swift */; };
		DC245CE12B4CC6CA005A3280 /* AuthenticationButtonsView.swift in Sources */ = {isa = PBXBuildFile; fileRef = DC245CE02B4CC6CA005A3280 /* AuthenticationButtonsView.swift */; };
		DC245CE32B4CC6FC005A3280 /* DividerView.swift in Sources */ = {isa = PBXBuildFile; fileRef = DC245CE22B4CC6FC005A3280 /* DividerView.swift */; };
		DC245CE52B4CC886005A3280 /* AuthManager.swift in Sources */ = {isa = PBXBuildFile; fileRef = DC245CE42B4CC886005A3280 /* AuthManager.swift */; };
		DC245CE92B4CCFBC005A3280 /* PhoneViewController.swift in Sources */ = {isa = PBXBuildFile; fileRef = DC245CE82B4CCFBC005A3280 /* PhoneViewController.swift */; };
		DC245CEB2B4CD193005A3280 /* SMSCodeViewController.swift in Sources */ = {isa = PBXBuildFile; fileRef = DC245CEA2B4CD193005A3280 /* SMSCodeViewController.swift */; };
		DC245CED2B4D1ACA005A3280 /* GoogleService-Info.plist in Resources */ = {isa = PBXBuildFile; fileRef = DC245CEC2B4D1ACA005A3280 /* GoogleService-Info.plist */; };
		DC245D3A2B4E856C005A3280 /* Country.swift in Sources */ = {isa = PBXBuildFile; fileRef = DC245D1D2B4E856C005A3280 /* Country.swift */; };
		DC245D3B2B4E856C005A3280 /* PhoneNumberController.swift in Sources */ = {isa = PBXBuildFile; fileRef = DC245D202B4E856C005A3280 /* PhoneNumberController.swift */; };
		DC245D3C2B4E856C005A3280 /* PhoneNumberViewController.swift in Sources */ = {isa = PBXBuildFile; fileRef = DC245D212B4E856C005A3280 /* PhoneNumberViewController.swift */; };
		DC245D3D2B4E856C005A3280 /* MainTabBarController.swift in Sources */ = {isa = PBXBuildFile; fileRef = DC245D222B4E856C005A3280 /* MainTabBarController.swift */; };
		DC245D3E2B4E856C005A3280 /* VerificationCodeViewController.swift in Sources */ = {isa = PBXBuildFile; fileRef = DC245D242B4E856C005A3280 /* VerificationCodeViewController.swift */; };
		DC245D3F2B4E856C005A3280 /* VerificationController.swift in Sources */ = {isa = PBXBuildFile; fileRef = DC245D252B4E856C005A3280 /* VerificationController.swift */; };
		DC245D412B4E856C005A3280 /* CountryCodeViewController.swift in Sources */ = {isa = PBXBuildFile; fileRef = DC245D292B4E856C005A3280 /* CountryCodeViewController.swift */; };
		DC245D422B4E856C005A3280 /* ViewExtensions.swift in Sources */ = {isa = PBXBuildFile; fileRef = DC245D2B2B4E856C005A3280 /* ViewExtensions.swift */; };
		DC245D432B4E856C005A3280 /* Utilities.swift in Sources */ = {isa = PBXBuildFile; fileRef = DC245D2C2B4E856C005A3280 /* Utilities.swift */; };
		DC245D442B4E856C005A3280 /* TableViewCellExtensions.swift in Sources */ = {isa = PBXBuildFile; fileRef = DC245D2D2B4E856C005A3280 /* TableViewCellExtensions.swift */; };
		DC245D452B4E856C005A3280 /* MethodExtensions.swift in Sources */ = {isa = PBXBuildFile; fileRef = DC245D2E2B4E856C005A3280 /* MethodExtensions.swift */; };
		DC245D462B4E856C005A3280 /* ThemeManager.swift in Sources */ = {isa = PBXBuildFile; fileRef = DC245D302B4E856C005A3280 /* ThemeManager.swift */; };
		DC245D472B4E856C005A3280 /* PhoneNumberViewContainer.swift in Sources */ = {isa = PBXBuildFile; fileRef = DC245D332B4E856C005A3280 /* PhoneNumberViewContainer.swift */; };
		DC245D482B4E856C005A3280 /* VerificationViewContainer.swift in Sources */ = {isa = PBXBuildFile; fileRef = DC245D352B4E856C005A3280 /* VerificationViewContainer.swift */; };
		DC245D492B4E856C005A3280 /* ProfileViewContainer.swift in Sources */ = {isa = PBXBuildFile; fileRef = DC245D372B4E856C005A3280 /* ProfileViewContainer.swift */; };
		DC245D4A2B4E856C005A3280 /* DataGlobal.swift in Sources */ = {isa = PBXBuildFile; fileRef = DC245D392B4E856C005A3280 /* DataGlobal.swift */; };
		DC245D4C2B4E85A7005A3280 /* CallingCodes.plist in Resources */ = {isa = PBXBuildFile; fileRef = DC245D4B2B4E85A6005A3280 /* CallingCodes.plist */; };
		DC484FD92B52557B00D6BB1C /* ProductCardViewController.swift in Sources */ = {isa = PBXBuildFile; fileRef = DC484FD82B52557B00D6BB1C /* ProductCardViewController.swift */; };
		DC484FDB2B5255E300D6BB1C /* Assets.xcassets in Resources */ = {isa = PBXBuildFile; fileRef = DC484FDA2B5255E300D6BB1C /* Assets.xcassets */; };
		DC484FDD2B52574E00D6BB1C /* FrontCardView.swift in Sources */ = {isa = PBXBuildFile; fileRef = DC484FDC2B52574E00D6BB1C /* FrontCardView.swift */; };
		DC484FDF2B52575800D6BB1C /* BackCardView.swift in Sources */ = {isa = PBXBuildFile; fileRef = DC484FDE2B52575800D6BB1C /* BackCardView.swift */; };
		DC484FE12B52585300D6BB1C /* CardViewModel.swift in Sources */ = {isa = PBXBuildFile; fileRef = DC484FE02B52585300D6BB1C /* CardViewModel.swift */; };
		DC484FE32B52630B00D6BB1C /* FrontCardViewController.swift in Sources */ = {isa = PBXBuildFile; fileRef = DC484FE22B52630B00D6BB1C /* FrontCardViewController.swift */; };
		DC484FE52B52656000D6BB1C /* BackCardViewController.swift in Sources */ = {isa = PBXBuildFile; fileRef = DC484FE42B52656000D6BB1C /* BackCardViewController.swift */; };
		DC5FE5062B52AB20006BABAF /* StorageCollectionViewCell.swift in Sources */ = {isa = PBXBuildFile; fileRef = DC5FE5052B52AB20006BABAF /* StorageCollectionViewCell.swift */; };
		DC5FE5082B52AB47006BABAF /* StorageCollectionViewController.swift in Sources */ = {isa = PBXBuildFile; fileRef = DC5FE5072B52AB47006BABAF /* StorageCollectionViewController.swift */; };
		DC5FE50B2B53738B006BABAF /* SectionViewController.swift in Sources */ = {isa = PBXBuildFile; fileRef = DC5FE50A2B53738B006BABAF /* SectionViewController.swift */; };
		DCC5F7E12B5CDCA800CEDE28 /* UserMetadata.swift in Sources */ = {isa = PBXBuildFile; fileRef = DCC5F7E02B5CDCA800CEDE28 /* UserMetadata.swift */; };
		DCD7396D2B55E8FB00B36705 /* Product.swift in Sources */ = {isa = PBXBuildFile; fileRef = DCD7396C2B55E8FB00B36705 /* Product.swift */; };
		DCD7396F2B55E94100B36705 /* User.swift in Sources */ = {isa = PBXBuildFile; fileRef = DCD7396E2B55E94100B36705 /* User.swift */; };
		DCD739712B55EAA000B36705 /* Section.swift in Sources */ = {isa = PBXBuildFile; fileRef = DCD739702B55EAA000B36705 /* Section.swift */; };
		DCD7398E2B5602EE00B36705 /* AppDataModel.xcdatamodeld in Sources */ = {isa = PBXBuildFile; fileRef = DCD739862B5602EE00B36705 /* AppDataModel.xcdatamodeld */; };
		DCDB90782B4B93FC0047E52C /* AppDelegate.swift in Sources */ = {isa = PBXBuildFile; fileRef = DCDB90772B4B93FC0047E52C /* AppDelegate.swift */; };
		DCDB907C2B4B93FC0047E52C /* LoginViewController.swift in Sources */ = {isa = PBXBuildFile; fileRef = DCDB907B2B4B93FC0047E52C /* LoginViewController.swift */; };
		DCDB90842B4B93FC0047E52C /* LaunchScreen.storyboard in Resources */ = {isa = PBXBuildFile; fileRef = DCDB90822B4B93FC0047E52C /* LaunchScreen.storyboard */; };
		DCDB908E2B4B97400047E52C /* LoginView.swift in Sources */ = {isa = PBXBuildFile; fileRef = DCDB908D2B4B97400047E52C /* LoginView.swift */; };
		DCDB90902B4BA45B0047E52C /* DummyViewController.swift in Sources */ = {isa = PBXBuildFile; fileRef = DCDB908F2B4BA45B0047E52C /* DummyViewController.swift */; };
		DCDB90932B4BD1D80047E52C /* LocalState.swift in Sources */ = {isa = PBXBuildFile; fileRef = DCDB90922B4BD1D80047E52C /* LocalState.swift */; };
		DCDB90952B4BD21A0047E52C /* MainViewController.swift in Sources */ = {isa = PBXBuildFile; fileRef = DCDB90942B4BD21A0047E52C /* MainViewController.swift */; };
		DCDB90982B4BD2D90047E52C /* InventoryViewController.swift in Sources */ = {isa = PBXBuildFile; fileRef = DCDB90972B4BD2D90047E52C /* InventoryViewController.swift */; };
		DCDB909B2B4BD3D20047E52C /* OnboardingContainerViewController.swift in Sources */ = {isa = PBXBuildFile; fileRef = DCDB909A2B4BD3D20047E52C /* OnboardingContainerViewController.swift */; };
		DCDB909D2B4BD3F10047E52C /* OnboardingViewController.swift in Sources */ = {isa = PBXBuildFile; fileRef = DCDB909C2B4BD3F10047E52C /* OnboardingViewController.swift */; };
		DCDB909F2B4BD52E0047E52C /* UIViewController+Utils.swift in Sources */ = {isa = PBXBuildFile; fileRef = DCDB909E2B4BD52E0047E52C /* UIViewController+Utils.swift */; };
		DCDB90A22B4BD84C0047E52C /* RecipeViewController.swift in Sources */ = {isa = PBXBuildFile; fileRef = DCDB90A12B4BD84C0047E52C /* RecipeViewController.swift */; };
		DCE0C5CB2B509D1C00068DC3 /* UITextFieldExtensions.swift in Sources */ = {isa = PBXBuildFile; fileRef = DCE0C5CA2B509D1C00068DC3 /* UITextFieldExtensions.swift */; };
		DCEA876C2B561A2100172BB7 /* CDProduct+CoreDataClass.swift in Sources */ = {isa = PBXBuildFile; fileRef = DCEA87662B561A2100172BB7 /* CDProduct+CoreDataClass.swift */; };
		DCEA876D2B561A2100172BB7 /* CDProduct+CoreDataProperties.swift in Sources */ = {isa = PBXBuildFile; fileRef = DCEA87672B561A2100172BB7 /* CDProduct+CoreDataProperties.swift */; };
		DCEA876E2B561A2100172BB7 /* CDSection+CoreDataClass.swift in Sources */ = {isa = PBXBuildFile; fileRef = DCEA87682B561A2100172BB7 /* CDSection+CoreDataClass.swift */; };
		DCEA876F2B561A2100172BB7 /* CDSection+CoreDataProperties.swift in Sources */ = {isa = PBXBuildFile; fileRef = DCEA87692B561A2100172BB7 /* CDSection+CoreDataProperties.swift */; };
		DCEA87702B561A2100172BB7 /* CDUser+CoreDataClass.swift in Sources */ = {isa = PBXBuildFile; fileRef = DCEA876A2B561A2100172BB7 /* CDUser+CoreDataClass.swift */; };
		DCEA87712B561A2100172BB7 /* CDUser+CoreDataProperties.swift in Sources */ = {isa = PBXBuildFile; fileRef = DCEA876B2B561A2100172BB7 /* CDUser+CoreDataProperties.swift */; };
		DCEA87742B5A18B900172BB7 /* CoreDataStack.swift in Sources */ = {isa = PBXBuildFile; fileRef = DCEA87732B5A18B900172BB7 /* CoreDataStack.swift */; };
		DCEA87772B5A30E400172BB7 /* UserRepository.swift in Sources */ = {isa = PBXBuildFile; fileRef = DCEA87762B5A30E400172BB7 /* UserRepository.swift */; };
		DCEA87792B5A549B00172BB7 /* ProductRepository.swift in Sources */ = {isa = PBXBuildFile; fileRef = DCEA87782B5A549B00172BB7 /* ProductRepository.swift */; };
		DCEA877B2B5A54E400172BB7 /* SectionRepository.swift in Sources */ = {isa = PBXBuildFile; fileRef = DCEA877A2B5A54E400172BB7 /* SectionRepository.swift */; };
		DCEA877D2B5A9A6900172BB7 /* SectionViewModel.swift in Sources */ = {isa = PBXBuildFile; fileRef = DCEA877C2B5A9A6900172BB7 /* SectionViewModel.swift */; };
		DCEA877F2B5A9AE300172BB7 /* StorageCollectionViewModel.swift in Sources */ = {isa = PBXBuildFile; fileRef = DCEA877E2B5A9AE300172BB7 /* StorageCollectionViewModel.swift */; };
/* End PBXBuildFile section */

/* Begin PBXFileReference section */
		011B375B72824242E259AB77 /* Pods-InventoryApp.debug.xcconfig */ = {isa = PBXFileReference; includeInIndex = 1; lastKnownFileType = text.xcconfig; name = "Pods-InventoryApp.debug.xcconfig"; path = "Target Support Files/Pods-InventoryApp/Pods-InventoryApp.debug.xcconfig"; sourceTree = "<group>"; };
		4E61A19303A0E5671FEE8B6B /* Pods_InventoryApp.framework */ = {isa = PBXFileReference; explicitFileType = wrapper.framework; includeInIndex = 0; path = Pods_InventoryApp.framework; sourceTree = BUILT_PRODUCTS_DIR; };
		DC0E64AF2B5AAA1E0065FDF4 /* UserViewModel.swift */ = {isa = PBXFileReference; lastKnownFileType = sourcecode.swift; path = UserViewModel.swift; sourceTree = "<group>"; };
		DC245CE02B4CC6CA005A3280 /* AuthenticationButtonsView.swift */ = {isa = PBXFileReference; lastKnownFileType = sourcecode.swift; path = AuthenticationButtonsView.swift; sourceTree = "<group>"; };
		DC245CE22B4CC6FC005A3280 /* DividerView.swift */ = {isa = PBXFileReference; lastKnownFileType = sourcecode.swift; path = DividerView.swift; sourceTree = "<group>"; };
		DC245CE42B4CC886005A3280 /* AuthManager.swift */ = {isa = PBXFileReference; fileEncoding = 4; lastKnownFileType = sourcecode.swift; path = AuthManager.swift; sourceTree = "<group>"; };
		DC245CE82B4CCFBC005A3280 /* PhoneViewController.swift */ = {isa = PBXFileReference; lastKnownFileType = sourcecode.swift; path = PhoneViewController.swift; sourceTree = "<group>"; };
		DC245CEA2B4CD193005A3280 /* SMSCodeViewController.swift */ = {isa = PBXFileReference; lastKnownFileType = sourcecode.swift; path = SMSCodeViewController.swift; sourceTree = "<group>"; };
		DC245CEC2B4D1ACA005A3280 /* GoogleService-Info.plist */ = {isa = PBXFileReference; fileEncoding = 4; lastKnownFileType = text.plist.xml; path = "GoogleService-Info.plist"; sourceTree = "<group>"; };
		DC245D1D2B4E856C005A3280 /* Country.swift */ = {isa = PBXFileReference; fileEncoding = 4; lastKnownFileType = sourcecode.swift; path = Country.swift; sourceTree = "<group>"; };
		DC245D202B4E856C005A3280 /* PhoneNumberController.swift */ = {isa = PBXFileReference; fileEncoding = 4; lastKnownFileType = sourcecode.swift; path = PhoneNumberController.swift; sourceTree = "<group>"; };
		DC245D212B4E856C005A3280 /* PhoneNumberViewController.swift */ = {isa = PBXFileReference; fileEncoding = 4; lastKnownFileType = sourcecode.swift; path = PhoneNumberViewController.swift; sourceTree = "<group>"; };
		DC245D222B4E856C005A3280 /* MainTabBarController.swift */ = {isa = PBXFileReference; fileEncoding = 4; lastKnownFileType = sourcecode.swift; path = MainTabBarController.swift; sourceTree = "<group>"; };
		DC245D242B4E856C005A3280 /* VerificationCodeViewController.swift */ = {isa = PBXFileReference; fileEncoding = 4; lastKnownFileType = sourcecode.swift; path = VerificationCodeViewController.swift; sourceTree = "<group>"; };
		DC245D252B4E856C005A3280 /* VerificationController.swift */ = {isa = PBXFileReference; fileEncoding = 4; lastKnownFileType = sourcecode.swift; path = VerificationController.swift; sourceTree = "<group>"; };
		DC245D292B4E856C005A3280 /* CountryCodeViewController.swift */ = {isa = PBXFileReference; fileEncoding = 4; lastKnownFileType = sourcecode.swift; path = CountryCodeViewController.swift; sourceTree = "<group>"; };
		DC245D2B2B4E856C005A3280 /* ViewExtensions.swift */ = {isa = PBXFileReference; fileEncoding = 4; lastKnownFileType = sourcecode.swift; path = ViewExtensions.swift; sourceTree = "<group>"; };
		DC245D2C2B4E856C005A3280 /* Utilities.swift */ = {isa = PBXFileReference; fileEncoding = 4; lastKnownFileType = sourcecode.swift; path = Utilities.swift; sourceTree = "<group>"; };
		DC245D2D2B4E856C005A3280 /* TableViewCellExtensions.swift */ = {isa = PBXFileReference; fileEncoding = 4; lastKnownFileType = sourcecode.swift; path = TableViewCellExtensions.swift; sourceTree = "<group>"; };
		DC245D2E2B4E856C005A3280 /* MethodExtensions.swift */ = {isa = PBXFileReference; fileEncoding = 4; lastKnownFileType = sourcecode.swift; path = MethodExtensions.swift; sourceTree = "<group>"; };
		DC245D302B4E856C005A3280 /* ThemeManager.swift */ = {isa = PBXFileReference; fileEncoding = 4; lastKnownFileType = sourcecode.swift; path = ThemeManager.swift; sourceTree = "<group>"; };
		DC245D332B4E856C005A3280 /* PhoneNumberViewContainer.swift */ = {isa = PBXFileReference; fileEncoding = 4; lastKnownFileType = sourcecode.swift; path = PhoneNumberViewContainer.swift; sourceTree = "<group>"; };
		DC245D352B4E856C005A3280 /* VerificationViewContainer.swift */ = {isa = PBXFileReference; fileEncoding = 4; lastKnownFileType = sourcecode.swift; path = VerificationViewContainer.swift; sourceTree = "<group>"; };
		DC245D372B4E856C005A3280 /* ProfileViewContainer.swift */ = {isa = PBXFileReference; fileEncoding = 4; lastKnownFileType = sourcecode.swift; path = ProfileViewContainer.swift; sourceTree = "<group>"; };
		DC245D392B4E856C005A3280 /* DataGlobal.swift */ = {isa = PBXFileReference; fileEncoding = 4; lastKnownFileType = sourcecode.swift; path = DataGlobal.swift; sourceTree = "<group>"; };
		DC245D4B2B4E85A6005A3280 /* CallingCodes.plist */ = {isa = PBXFileReference; fileEncoding = 4; lastKnownFileType = text.plist.xml; path = CallingCodes.plist; sourceTree = "<group>"; };
		DC484FD12B51CDAA00D6BB1C /* InventoryApp.entitlements */ = {isa = PBXFileReference; lastKnownFileType = text.plist.entitlements; path = InventoryApp.entitlements; sourceTree = "<group>"; };
		DC484FD82B52557B00D6BB1C /* ProductCardViewController.swift */ = {isa = PBXFileReference; lastKnownFileType = sourcecode.swift; path = ProductCardViewController.swift; sourceTree = "<group>"; };
		DC484FDA2B5255E300D6BB1C /* Assets.xcassets */ = {isa = PBXFileReference; lastKnownFileType = folder.assetcatalog; path = Assets.xcassets; sourceTree = "<group>"; };
		DC484FDC2B52574E00D6BB1C /* FrontCardView.swift */ = {isa = PBXFileReference; lastKnownFileType = sourcecode.swift; path = FrontCardView.swift; sourceTree = "<group>"; };
		DC484FDE2B52575800D6BB1C /* BackCardView.swift */ = {isa = PBXFileReference; lastKnownFileType = sourcecode.swift; path = BackCardView.swift; sourceTree = "<group>"; };
		DC484FE02B52585300D6BB1C /* CardViewModel.swift */ = {isa = PBXFileReference; lastKnownFileType = sourcecode.swift; path = CardViewModel.swift; sourceTree = "<group>"; };
		DC484FE22B52630B00D6BB1C /* FrontCardViewController.swift */ = {isa = PBXFileReference; lastKnownFileType = sourcecode.swift; path = FrontCardViewController.swift; sourceTree = "<group>"; };
		DC484FE42B52656000D6BB1C /* BackCardViewController.swift */ = {isa = PBXFileReference; lastKnownFileType = sourcecode.swift; path = BackCardViewController.swift; sourceTree = "<group>"; };
		DC5FE5052B52AB20006BABAF /* StorageCollectionViewCell.swift */ = {isa = PBXFileReference; lastKnownFileType = sourcecode.swift; path = StorageCollectionViewCell.swift; sourceTree = "<group>"; };
		DC5FE5072B52AB47006BABAF /* StorageCollectionViewController.swift */ = {isa = PBXFileReference; lastKnownFileType = sourcecode.swift; path = StorageCollectionViewController.swift; sourceTree = "<group>"; };
		DC5FE50A2B53738B006BABAF /* SectionViewController.swift */ = {isa = PBXFileReference; lastKnownFileType = sourcecode.swift; path = SectionViewController.swift; sourceTree = "<group>"; };
		DCC5F7E02B5CDCA800CEDE28 /* UserMetadata.swift */ = {isa = PBXFileReference; lastKnownFileType = sourcecode.swift; path = UserMetadata.swift; sourceTree = "<group>"; };
		DCD7396C2B55E8FB00B36705 /* Product.swift */ = {isa = PBXFileReference; lastKnownFileType = sourcecode.swift; path = Product.swift; sourceTree = "<group>"; };
		DCD7396E2B55E94100B36705 /* User.swift */ = {isa = PBXFileReference; lastKnownFileType = sourcecode.swift; path = User.swift; sourceTree = "<group>"; };
		DCD739702B55EAA000B36705 /* Section.swift */ = {isa = PBXFileReference; lastKnownFileType = sourcecode.swift; path = Section.swift; sourceTree = "<group>"; };
		DCD739872B5602EE00B36705 /* AppDataModel.xcdatamodel */ = {isa = PBXFileReference; lastKnownFileType = wrapper.xcdatamodel; path = AppDataModel.xcdatamodel; sourceTree = "<group>"; };
		DCDB90742B4B93FC0047E52C /* InventoryApp.app */ = {isa = PBXFileReference; explicitFileType = wrapper.application; includeInIndex = 0; path = InventoryApp.app; sourceTree = BUILT_PRODUCTS_DIR; };
		DCDB90772B4B93FC0047E52C /* AppDelegate.swift */ = {isa = PBXFileReference; lastKnownFileType = sourcecode.swift; path = AppDelegate.swift; sourceTree = "<group>"; };
		DCDB907B2B4B93FC0047E52C /* LoginViewController.swift */ = {isa = PBXFileReference; lastKnownFileType = sourcecode.swift; path = LoginViewController.swift; sourceTree = "<group>"; };
		DCDB90832B4B93FC0047E52C /* Base */ = {isa = PBXFileReference; lastKnownFileType = file.storyboard; name = Base; path = Base.lproj/LaunchScreen.storyboard; sourceTree = "<group>"; };
		DCDB90852B4B93FC0047E52C /* Info.plist */ = {isa = PBXFileReference; lastKnownFileType = text.plist.xml; path = Info.plist; sourceTree = "<group>"; };
		DCDB908D2B4B97400047E52C /* LoginView.swift */ = {isa = PBXFileReference; lastKnownFileType = sourcecode.swift; path = LoginView.swift; sourceTree = "<group>"; };
		DCDB908F2B4BA45B0047E52C /* DummyViewController.swift */ = {isa = PBXFileReference; lastKnownFileType = sourcecode.swift; path = DummyViewController.swift; sourceTree = "<group>"; };
		DCDB90922B4BD1D80047E52C /* LocalState.swift */ = {isa = PBXFileReference; lastKnownFileType = sourcecode.swift; path = LocalState.swift; sourceTree = "<group>"; };
		DCDB90942B4BD21A0047E52C /* MainViewController.swift */ = {isa = PBXFileReference; lastKnownFileType = sourcecode.swift; path = MainViewController.swift; sourceTree = "<group>"; };
		DCDB90972B4BD2D90047E52C /* InventoryViewController.swift */ = {isa = PBXFileReference; lastKnownFileType = sourcecode.swift; path = InventoryViewController.swift; sourceTree = "<group>"; };
		DCDB909A2B4BD3D20047E52C /* OnboardingContainerViewController.swift */ = {isa = PBXFileReference; lastKnownFileType = sourcecode.swift; path = OnboardingContainerViewController.swift; sourceTree = "<group>"; };
		DCDB909C2B4BD3F10047E52C /* OnboardingViewController.swift */ = {isa = PBXFileReference; lastKnownFileType = sourcecode.swift; path = OnboardingViewController.swift; sourceTree = "<group>"; };
		DCDB909E2B4BD52E0047E52C /* UIViewController+Utils.swift */ = {isa = PBXFileReference; lastKnownFileType = sourcecode.swift; path = "UIViewController+Utils.swift"; sourceTree = "<group>"; };
		DCDB90A12B4BD84C0047E52C /* RecipeViewController.swift */ = {isa = PBXFileReference; lastKnownFileType = sourcecode.swift; path = RecipeViewController.swift; sourceTree = "<group>"; };
		DCE0C5CA2B509D1C00068DC3 /* UITextFieldExtensions.swift */ = {isa = PBXFileReference; lastKnownFileType = sourcecode.swift; path = UITextFieldExtensions.swift; sourceTree = "<group>"; };
		DCEA87662B561A2100172BB7 /* CDProduct+CoreDataClass.swift */ = {isa = PBXFileReference; fileEncoding = 4; lastKnownFileType = sourcecode.swift; path = "CDProduct+CoreDataClass.swift"; sourceTree = "<group>"; };
		DCEA87672B561A2100172BB7 /* CDProduct+CoreDataProperties.swift */ = {isa = PBXFileReference; fileEncoding = 4; lastKnownFileType = sourcecode.swift; path = "CDProduct+CoreDataProperties.swift"; sourceTree = "<group>"; };
		DCEA87682B561A2100172BB7 /* CDSection+CoreDataClass.swift */ = {isa = PBXFileReference; fileEncoding = 4; lastKnownFileType = sourcecode.swift; path = "CDSection+CoreDataClass.swift"; sourceTree = "<group>"; };
		DCEA87692B561A2100172BB7 /* CDSection+CoreDataProperties.swift */ = {isa = PBXFileReference; fileEncoding = 4; lastKnownFileType = sourcecode.swift; path = "CDSection+CoreDataProperties.swift"; sourceTree = "<group>"; };
		DCEA876A2B561A2100172BB7 /* CDUser+CoreDataClass.swift */ = {isa = PBXFileReference; fileEncoding = 4; lastKnownFileType = sourcecode.swift; path = "CDUser+CoreDataClass.swift"; sourceTree = "<group>"; };
		DCEA876B2B561A2100172BB7 /* CDUser+CoreDataProperties.swift */ = {isa = PBXFileReference; fileEncoding = 4; lastKnownFileType = sourcecode.swift; path = "CDUser+CoreDataProperties.swift"; sourceTree = "<group>"; };
		DCEA87732B5A18B900172BB7 /* CoreDataStack.swift */ = {isa = PBXFileReference; lastKnownFileType = sourcecode.swift; path = CoreDataStack.swift; sourceTree = "<group>"; };
		DCEA87762B5A30E400172BB7 /* UserRepository.swift */ = {isa = PBXFileReference; lastKnownFileType = sourcecode.swift; path = UserRepository.swift; sourceTree = "<group>"; };
		DCEA87782B5A549B00172BB7 /* ProductRepository.swift */ = {isa = PBXFileReference; lastKnownFileType = sourcecode.swift; path = ProductRepository.swift; sourceTree = "<group>"; };
		DCEA877A2B5A54E400172BB7 /* SectionRepository.swift */ = {isa = PBXFileReference; lastKnownFileType = sourcecode.swift; path = SectionRepository.swift; sourceTree = "<group>"; };
		DCEA877C2B5A9A6900172BB7 /* SectionViewModel.swift */ = {isa = PBXFileReference; lastKnownFileType = sourcecode.swift; path = SectionViewModel.swift; sourceTree = "<group>"; };
		DCEA877E2B5A9AE300172BB7 /* StorageCollectionViewModel.swift */ = {isa = PBXFileReference; lastKnownFileType = sourcecode.swift; path = StorageCollectionViewModel.swift; sourceTree = "<group>"; };
		E0E3C27978BC456607E62A37 /* Pods-InventoryApp.release.xcconfig */ = {isa = PBXFileReference; includeInIndex = 1; lastKnownFileType = text.xcconfig; name = "Pods-InventoryApp.release.xcconfig"; path = "Target Support Files/Pods-InventoryApp/Pods-InventoryApp.release.xcconfig"; sourceTree = "<group>"; };
/* End PBXFileReference section */

/* Begin PBXFrameworksBuildPhase section */
		DCDB90712B4B93FC0047E52C /* Frameworks */ = {
			isa = PBXFrameworksBuildPhase;
			buildActionMask = 2147483647;
			files = (
				2C2665B6603D6A7EBA3A0C28 /* Pods_InventoryApp.framework in Frameworks */,
			);
			runOnlyForDeploymentPostprocessing = 0;
		};
/* End PBXFrameworksBuildPhase section */

/* Begin PBXGroup section */
		5DE7D06B3A315E2558A7540D /* Frameworks */ = {
			isa = PBXGroup;
			children = (
				4E61A19303A0E5671FEE8B6B /* Pods_InventoryApp.framework */,
			);
			name = Frameworks;
			sourceTree = "<group>";
		};
		D45BFDF3A1FD97C39A39D4F9 /* Pods */ = {
			isa = PBXGroup;
			children = (
				011B375B72824242E259AB77 /* Pods-InventoryApp.debug.xcconfig */,
				E0E3C27978BC456607E62A37 /* Pods-InventoryApp.release.xcconfig */,
			);
			path = Pods;
			sourceTree = "<group>";
		};
		DC245CE62B4CC89F005A3280 /* MainLogin */ = {
			isa = PBXGroup;
			children = (
				DCDB907B2B4B93FC0047E52C /* LoginViewController.swift */,
				DCDB908D2B4B97400047E52C /* LoginView.swift */,
				DCDB908F2B4BA45B0047E52C /* DummyViewController.swift */,
				DC245CE02B4CC6CA005A3280 /* AuthenticationButtonsView.swift */,
				DC245CE22B4CC6FC005A3280 /* DividerView.swift */,
			);
			path = MainLogin;
			sourceTree = "<group>";
		};
		DC245CE72B4CC8B7005A3280 /* PhoneLogin */ = {
			isa = PBXGroup;
			children = (
				DC245D312B4E856C005A3280 /* Containers */,
				DC245D1E2B4E856C005A3280 /* Controllers */,
				DC245D382B4E856C005A3280 /* Database */,
				DC245D2A2B4E856C005A3280 /* Extensions */,
				DC245D2F2B4E856C005A3280 /* Managers */,
				DC245D1C2B4E856C005A3280 /* Models */,
				DC245CE42B4CC886005A3280 /* AuthManager.swift */,
				DC245CE82B4CCFBC005A3280 /* PhoneViewController.swift */,
				DC245CEA2B4CD193005A3280 /* SMSCodeViewController.swift */,
			);
			path = PhoneLogin;
			sourceTree = "<group>";
		};
		DC245D1C2B4E856C005A3280 /* Models */ = {
			isa = PBXGroup;
			children = (
				DC245D1D2B4E856C005A3280 /* Country.swift */,
			);
			path = Models;
			sourceTree = "<group>";
		};
		DC245D1E2B4E856C005A3280 /* Controllers */ = {
			isa = PBXGroup;
			children = (
				DC245D1F2B4E856C005A3280 /* PhoneNumber */,
				DC245D222B4E856C005A3280 /* MainTabBarController.swift */,
				DC245D232B4E856C005A3280 /* Verification */,
				DC245D282B4E856C005A3280 /* Country */,
			);
			path = Controllers;
			sourceTree = "<group>";
		};
		DC245D1F2B4E856C005A3280 /* PhoneNumber */ = {
			isa = PBXGroup;
			children = (
				DC245D202B4E856C005A3280 /* PhoneNumberController.swift */,
				DC245D212B4E856C005A3280 /* PhoneNumberViewController.swift */,
			);
			path = PhoneNumber;
			sourceTree = "<group>";
		};
		DC245D232B4E856C005A3280 /* Verification */ = {
			isa = PBXGroup;
			children = (
				DC245D242B4E856C005A3280 /* VerificationCodeViewController.swift */,
				DC245D252B4E856C005A3280 /* VerificationController.swift */,
			);
			path = Verification;
			sourceTree = "<group>";
		};
		DC245D282B4E856C005A3280 /* Country */ = {
			isa = PBXGroup;
			children = (
				DC245D292B4E856C005A3280 /* CountryCodeViewController.swift */,
			);
			path = Country;
			sourceTree = "<group>";
		};
		DC245D2A2B4E856C005A3280 /* Extensions */ = {
			isa = PBXGroup;
			children = (
				DC245D2B2B4E856C005A3280 /* ViewExtensions.swift */,
				DC245D2C2B4E856C005A3280 /* Utilities.swift */,
				DC245D2D2B4E856C005A3280 /* TableViewCellExtensions.swift */,
				DC245D2E2B4E856C005A3280 /* MethodExtensions.swift */,
				DCE0C5CA2B509D1C00068DC3 /* UITextFieldExtensions.swift */,
			);
			path = Extensions;
			sourceTree = "<group>";
		};
		DC245D2F2B4E856C005A3280 /* Managers */ = {
			isa = PBXGroup;
			children = (
				DC245D302B4E856C005A3280 /* ThemeManager.swift */,
			);
			path = Managers;
			sourceTree = "<group>";
		};
		DC245D312B4E856C005A3280 /* Containers */ = {
			isa = PBXGroup;
			children = (
				DC245D322B4E856C005A3280 /* PhoneNumber */,
				DC245D342B4E856C005A3280 /* Verification */,
				DC245D362B4E856C005A3280 /* Profile */,
			);
			path = Containers;
			sourceTree = "<group>";
		};
		DC245D322B4E856C005A3280 /* PhoneNumber */ = {
			isa = PBXGroup;
			children = (
				DC245D332B4E856C005A3280 /* PhoneNumberViewContainer.swift */,
			);
			path = PhoneNumber;
			sourceTree = "<group>";
		};
		DC245D342B4E856C005A3280 /* Verification */ = {
			isa = PBXGroup;
			children = (
				DC245D352B4E856C005A3280 /* VerificationViewContainer.swift */,
			);
			path = Verification;
			sourceTree = "<group>";
		};
		DC245D362B4E856C005A3280 /* Profile */ = {
			isa = PBXGroup;
			children = (
				DC245D372B4E856C005A3280 /* ProfileViewContainer.swift */,
			);
			path = Profile;
			sourceTree = "<group>";
		};
		DC245D382B4E856C005A3280 /* Database */ = {
			isa = PBXGroup;
			children = (
				DC245D392B4E856C005A3280 /* DataGlobal.swift */,
			);
			path = Database;
			sourceTree = "<group>";
		};
		DC484FD32B52506400D6BB1C /* Model */ = {
			isa = PBXGroup;
			children = (
				DCD7396E2B55E94100B36705 /* User.swift */,
				DCD739702B55EAA000B36705 /* Section.swift */,
				DCD7396C2B55E8FB00B36705 /* Product.swift */,
			);
			path = Model;
			sourceTree = "<group>";
		};
		DC484FD72B52555A00D6BB1C /* Card */ = {
			isa = PBXGroup;
			children = (
				DC484FE02B52585300D6BB1C /* CardViewModel.swift */,
				DC484FD82B52557B00D6BB1C /* ProductCardViewController.swift */,
				DC484FE22B52630B00D6BB1C /* FrontCardViewController.swift */,
				DC484FDC2B52574E00D6BB1C /* FrontCardView.swift */,
				DC484FE42B52656000D6BB1C /* BackCardViewController.swift */,
				DC484FDE2B52575800D6BB1C /* BackCardView.swift */,
			);
			path = Card;
			sourceTree = "<group>";
		};
		DC5FE5042B52AB0A006BABAF /* Storage */ = {
			isa = PBXGroup;
			children = (
				DCEA877E2B5A9AE300172BB7 /* StorageCollectionViewModel.swift */,
				DC5FE5072B52AB47006BABAF /* StorageCollectionViewController.swift */,
				DC5FE5052B52AB20006BABAF /* StorageCollectionViewCell.swift */,
			);
			path = Storage;
			sourceTree = "<group>";
		};
		DC5FE5092B537367006BABAF /* Section */ = {
			isa = PBXGroup;
			children = (
				DCEA877C2B5A9A6900172BB7 /* SectionViewModel.swift */,
				DC5FE50A2B53738B006BABAF /* SectionViewController.swift */,
			);
			path = Section;
			sourceTree = "<group>";
		};
		DCD739842B5602C700B36705 /* CoreDataLocal */ = {
			isa = PBXGroup;
			children = (
				DCEA876B2B561A2100172BB7 /* CDUser+CoreDataProperties.swift */,
				DCEA87692B561A2100172BB7 /* CDSection+CoreDataProperties.swift */,
				DCEA87672B561A2100172BB7 /* CDProduct+CoreDataProperties.swift */,
				DCEA876A2B561A2100172BB7 /* CDUser+CoreDataClass.swift */,
				DCEA87682B561A2100172BB7 /* CDSection+CoreDataClass.swift */,
				DCEA87662B561A2100172BB7 /* CDProduct+CoreDataClass.swift */,
				DCD739862B5602EE00B36705 /* AppDataModel.xcdatamodeld */,
			);
			path = CoreDataLocal;
			sourceTree = "<group>";
		};
		DCDB906B2B4B93FB0047E52C = {
			isa = PBXGroup;
			children = (
				DCDB90762B4B93FC0047E52C /* InventoryApp */,
				DCDB90752B4B93FC0047E52C /* Products */,
				D45BFDF3A1FD97C39A39D4F9 /* Pods */,
				5DE7D06B3A315E2558A7540D /* Frameworks */,
			);
			sourceTree = "<group>";
		};
		DCDB90752B4B93FC0047E52C /* Products */ = {
			isa = PBXGroup;
			children = (
				DCDB90742B4B93FC0047E52C /* InventoryApp.app */,
			);
			name = Products;
			sourceTree = "<group>";
		};
		DCDB90762B4B93FC0047E52C /* InventoryApp */ = {
			isa = PBXGroup;
			children = (
				DCEA87722B5A189A00172BB7 /* Data */,
				DC484FD32B52506400D6BB1C /* Model */,
				DCDB908C2B4B97250047E52C /* Login */,
				DCDB90992B4BD3B60047E52C /* Onboarding */,
				DCDB90962B4BD2BC0047E52C /* Inventory */,
				DCDB90A02B4BD8320047E52C /* Recipe */,
				DCDB90912B4BD1C90047E52C /* Util */,
				DCDB90772B4B93FC0047E52C /* AppDelegate.swift */,
				DCDB90942B4BD21A0047E52C /* MainViewController.swift */,
				DCC5F7E02B5CDCA800CEDE28 /* UserMetadata.swift */,
				DCDB908B2B4B96FC0047E52C /* Files */,
			);
			path = InventoryApp;
			sourceTree = "<group>";
		};
		DCDB908B2B4B96FC0047E52C /* Files */ = {
			isa = PBXGroup;
			children = (
				DCDB90822B4B93FC0047E52C /* LaunchScreen.storyboard */,
				DC484FD12B51CDAA00D6BB1C /* InventoryApp.entitlements */,
				DC484FDA2B5255E300D6BB1C /* Assets.xcassets */,
				DC245D4B2B4E85A6005A3280 /* CallingCodes.plist */,
				DCDB90852B4B93FC0047E52C /* Info.plist */,
				DC245CEC2B4D1ACA005A3280 /* GoogleService-Info.plist */,
			);
			name = Files;
			sourceTree = "<group>";
		};
		DCDB908C2B4B97250047E52C /* Login */ = {
			isa = PBXGroup;
			children = (
				DC245CE62B4CC89F005A3280 /* MainLogin */,
				DC245CE72B4CC8B7005A3280 /* PhoneLogin */,
			);
			path = Login;
			sourceTree = "<group>";
		};
		DCDB90912B4BD1C90047E52C /* Util */ = {
			isa = PBXGroup;
			children = (
				DCDB90922B4BD1D80047E52C /* LocalState.swift */,
				DCDB909E2B4BD52E0047E52C /* UIViewController+Utils.swift */,
			);
			path = Util;
			sourceTree = "<group>";
		};
		DCDB90962B4BD2BC0047E52C /* Inventory */ = {
			isa = PBXGroup;
			children = (
				DC0E64AF2B5AAA1E0065FDF4 /* UserViewModel.swift */,
				DCDB90972B4BD2D90047E52C /* InventoryViewController.swift */,
				DC5FE5092B537367006BABAF /* Section */,
				DC5FE5042B52AB0A006BABAF /* Storage */,
				DC484FD72B52555A00D6BB1C /* Card */,
			);
			path = Inventory;
			sourceTree = "<group>";
		};
		DCDB90992B4BD3B60047E52C /* Onboarding */ = {
			isa = PBXGroup;
			children = (
				DCDB909A2B4BD3D20047E52C /* OnboardingContainerViewController.swift */,
				DCDB909C2B4BD3F10047E52C /* OnboardingViewController.swift */,
			);
			path = Onboarding;
			sourceTree = "<group>";
		};
		DCDB90A02B4BD8320047E52C /* Recipe */ = {
			isa = PBXGroup;
			children = (
				DCDB90A12B4BD84C0047E52C /* RecipeViewController.swift */,
			);
			path = Recipe;
			sourceTree = "<group>";
		};
		DCEA87722B5A189A00172BB7 /* Data */ = {
			isa = PBXGroup;
			children = (
				DCEA87752B5A30C000172BB7 /* Repository */,
				DCD739842B5602C700B36705 /* CoreDataLocal */,
				DCEA87732B5A18B900172BB7 /* CoreDataStack.swift */,
			);
			path = Data;
			sourceTree = "<group>";
		};
		DCEA87752B5A30C000172BB7 /* Repository */ = {
			isa = PBXGroup;
			children = (
				DCEA87762B5A30E400172BB7 /* UserRepository.swift */,
				DCEA877A2B5A54E400172BB7 /* SectionRepository.swift */,
				DCEA87782B5A549B00172BB7 /* ProductRepository.swift */,
			);
			path = Repository;
			sourceTree = "<group>";
		};
/* End PBXGroup section */

/* Begin PBXNativeTarget section */
		DCDB90732B4B93FC0047E52C /* InventoryApp */ = {
			isa = PBXNativeTarget;
			buildConfigurationList = DCDB90882B4B93FC0047E52C /* Build configuration list for PBXNativeTarget "InventoryApp" */;
			buildPhases = (
				FEE5781D1DB7E77F6B63EAF5 /* [CP] Check Pods Manifest.lock */,
				DCDB90702B4B93FC0047E52C /* Sources */,
				DCDB90712B4B93FC0047E52C /* Frameworks */,
				DCDB90722B4B93FC0047E52C /* Resources */,
				DD5AE33915559DCE8A7A0826 /* [CP] Embed Pods Frameworks */,
			);
			buildRules = (
			);
			dependencies = (
			);
			name = InventoryApp;
			productName = InventoryApp;
			productReference = DCDB90742B4B93FC0047E52C /* InventoryApp.app */;
			productType = "com.apple.product-type.application";
		};
/* End PBXNativeTarget section */

/* Begin PBXProject section */
		DCDB906C2B4B93FB0047E52C /* Project object */ = {
			isa = PBXProject;
			attributes = {
				BuildIndependentTargetsInParallel = 1;
				LastSwiftUpdateCheck = 1500;
				LastUpgradeCheck = 1500;
				TargetAttributes = {
					DCDB90732B4B93FC0047E52C = {
						CreatedOnToolsVersion = 15.0;
					};
				};
			};
			buildConfigurationList = DCDB906F2B4B93FB0047E52C /* Build configuration list for PBXProject "InventoryApp" */;
			compatibilityVersion = "Xcode 14.0";
			developmentRegion = en;
			hasScannedForEncodings = 0;
			knownRegions = (
				en,
				Base,
			);
			mainGroup = DCDB906B2B4B93FB0047E52C;
			productRefGroup = DCDB90752B4B93FC0047E52C /* Products */;
			projectDirPath = "";
			projectRoot = "";
			targets = (
				DCDB90732B4B93FC0047E52C /* InventoryApp */,
			);
		};
/* End PBXProject section */

/* Begin PBXResourcesBuildPhase section */
		DCDB90722B4B93FC0047E52C /* Resources */ = {
			isa = PBXResourcesBuildPhase;
			buildActionMask = 2147483647;
			files = (
				DC245D4C2B4E85A7005A3280 /* CallingCodes.plist in Resources */,
				DCDB90842B4B93FC0047E52C /* LaunchScreen.storyboard in Resources */,
				DC484FDB2B5255E300D6BB1C /* Assets.xcassets in Resources */,
				DC245CED2B4D1ACA005A3280 /* GoogleService-Info.plist in Resources */,
			);
			runOnlyForDeploymentPostprocessing = 0;
		};
/* End PBXResourcesBuildPhase section */

/* Begin PBXShellScriptBuildPhase section */
		DD5AE33915559DCE8A7A0826 /* [CP] Embed Pods Frameworks */ = {
			isa = PBXShellScriptBuildPhase;
			buildActionMask = 2147483647;
			files = (
			);
			inputFileListPaths = (
				"${PODS_ROOT}/Target Support Files/Pods-InventoryApp/Pods-InventoryApp-frameworks-${CONFIGURATION}-input-files.xcfilelist",
			);
			name = "[CP] Embed Pods Frameworks";
			outputFileListPaths = (
				"${PODS_ROOT}/Target Support Files/Pods-InventoryApp/Pods-InventoryApp-frameworks-${CONFIGURATION}-output-files.xcfilelist",
			);
			runOnlyForDeploymentPostprocessing = 0;
			shellPath = /bin/sh;
			shellScript = "\"${PODS_ROOT}/Target Support Files/Pods-InventoryApp/Pods-InventoryApp-frameworks.sh\"\n";
			showEnvVarsInLog = 0;
		};
		FEE5781D1DB7E77F6B63EAF5 /* [CP] Check Pods Manifest.lock */ = {
			isa = PBXShellScriptBuildPhase;
			buildActionMask = 2147483647;
			files = (
			);
			inputFileListPaths = (
			);
			inputPaths = (
				"${PODS_PODFILE_DIR_PATH}/Podfile.lock",
				"${PODS_ROOT}/Manifest.lock",
			);
			name = "[CP] Check Pods Manifest.lock";
			outputFileListPaths = (
			);
			outputPaths = (
				"$(DERIVED_FILE_DIR)/Pods-InventoryApp-checkManifestLockResult.txt",
			);
			runOnlyForDeploymentPostprocessing = 0;
			shellPath = /bin/sh;
			shellScript = "diff \"${PODS_PODFILE_DIR_PATH}/Podfile.lock\" \"${PODS_ROOT}/Manifest.lock\" > /dev/null\nif [ $? != 0 ] ; then\n    # print error to STDERR\n    echo \"error: The sandbox is not in sync with the Podfile.lock. Run 'pod install' or update your CocoaPods installation.\" >&2\n    exit 1\nfi\n# This output is used by Xcode 'outputs' to avoid re-running this script phase.\necho \"SUCCESS\" > \"${SCRIPT_OUTPUT_FILE_0}\"\n";
			showEnvVarsInLog = 0;
		};
/* End PBXShellScriptBuildPhase section */

/* Begin PBXSourcesBuildPhase section */
		DCDB90702B4B93FC0047E52C /* Sources */ = {
			isa = PBXSourcesBuildPhase;
			buildActionMask = 2147483647;
			files = (
				DCD739712B55EAA000B36705 /* Section.swift in Sources */,
				DCDB90982B4BD2D90047E52C /* InventoryViewController.swift in Sources */,
				DC245CE52B4CC886005A3280 /* AuthManager.swift in Sources */,
				DCD7396D2B55E8FB00B36705 /* Product.swift in Sources */,
				DC245D3D2B4E856C005A3280 /* MainTabBarController.swift in Sources */,
				DCDB908E2B4B97400047E52C /* LoginView.swift in Sources */,
				DC245D492B4E856C005A3280 /* ProfileViewContainer.swift in Sources */,
				DC245D432B4E856C005A3280 /* Utilities.swift in Sources */,
				DC245D3B2B4E856C005A3280 /* PhoneNumberController.swift in Sources */,
				DC245CEB2B4CD193005A3280 /* SMSCodeViewController.swift in Sources */,
				DCEA876F2B561A2100172BB7 /* CDSection+CoreDataProperties.swift in Sources */,
				DC245D3E2B4E856C005A3280 /* VerificationCodeViewController.swift in Sources */,
				DC484FE52B52656000D6BB1C /* BackCardViewController.swift in Sources */,
				DCDB90932B4BD1D80047E52C /* LocalState.swift in Sources */,
				DC245D412B4E856C005A3280 /* CountryCodeViewController.swift in Sources */,
				DCEA87742B5A18B900172BB7 /* CoreDataStack.swift in Sources */,
				DC245D472B4E856C005A3280 /* PhoneNumberViewContainer.swift in Sources */,
				DCDB907C2B4B93FC0047E52C /* LoginViewController.swift in Sources */,
				DC245D482B4E856C005A3280 /* VerificationViewContainer.swift in Sources */,
				DC0E64B02B5AAA1E0065FDF4 /* UserViewModel.swift in Sources */,
				DC245D442B4E856C005A3280 /* TableViewCellExtensions.swift in Sources */,
				DCEA877F2B5A9AE300172BB7 /* StorageCollectionViewModel.swift in Sources */,
				DCEA87712B561A2100172BB7 /* CDUser+CoreDataProperties.swift in Sources */,
				DCE0C5CB2B509D1C00068DC3 /* UITextFieldExtensions.swift in Sources */,
				DC484FDF2B52575800D6BB1C /* BackCardView.swift in Sources */,
				DCEA877B2B5A54E400172BB7 /* SectionRepository.swift in Sources */,
				DCDB909F2B4BD52E0047E52C /* UIViewController+Utils.swift in Sources */,
				DCEA876E2B561A2100172BB7 /* CDSection+CoreDataClass.swift in Sources */,
				DC245D3F2B4E856C005A3280 /* VerificationController.swift in Sources */,
				DC245D4A2B4E856C005A3280 /* DataGlobal.swift in Sources */,
				DC245D452B4E856C005A3280 /* MethodExtensions.swift in Sources */,
				DC5FE50B2B53738B006BABAF /* SectionViewController.swift in Sources */,
				DC245CE92B4CCFBC005A3280 /* PhoneViewController.swift in Sources */,
				DCDB90A22B4BD84C0047E52C /* RecipeViewController.swift in Sources */,
				DC245D3A2B4E856C005A3280 /* Country.swift in Sources */,
				DCDB90952B4BD21A0047E52C /* MainViewController.swift in Sources */,
				DC245D3C2B4E856C005A3280 /* PhoneNumberViewController.swift in Sources */,
				DC484FE32B52630B00D6BB1C /* FrontCardViewController.swift in Sources */,
				DCD7398E2B5602EE00B36705 /* AppDataModel.xcdatamodeld in Sources */,
				DCEA876D2B561A2100172BB7 /* CDProduct+CoreDataProperties.swift in Sources */,
				DC245D422B4E856C005A3280 /* ViewExtensions.swift in Sources */,
				DCC5F7E12B5CDCA800CEDE28 /* UserMetadata.swift in Sources */,
				DCEA87772B5A30E400172BB7 /* UserRepository.swift in Sources */,
				DCEA876C2B561A2100172BB7 /* CDProduct+CoreDataClass.swift in Sources */,
				DC5FE5062B52AB20006BABAF /* StorageCollectionViewCell.swift in Sources */,
				DCD7396F2B55E94100B36705 /* User.swift in Sources */,
				DC5FE5082B52AB47006BABAF /* StorageCollectionViewController.swift in Sources */,
				DCDB90782B4B93FC0047E52C /* AppDelegate.swift in Sources */,
				DC484FE12B52585300D6BB1C /* CardViewModel.swift in Sources */,
				DC245CE12B4CC6CA005A3280 /* AuthenticationButtonsView.swift in Sources */,
				DCDB90902B4BA45B0047E52C /* DummyViewController.swift in Sources */,
				DC484FD92B52557B00D6BB1C /* ProductCardViewController.swift in Sources */,
				DCDB909D2B4BD3F10047E52C /* OnboardingViewController.swift in Sources */,
				DC484FDD2B52574E00D6BB1C /* FrontCardView.swift in Sources */,
				DCEA87702B561A2100172BB7 /* CDUser+CoreDataClass.swift in Sources */,
				DCEA87792B5A549B00172BB7 /* ProductRepository.swift in Sources */,
				DCDB909B2B4BD3D20047E52C /* OnboardingContainerViewController.swift in Sources */,
				DC245CE32B4CC6FC005A3280 /* DividerView.swift in Sources */,
				DCEA877D2B5A9A6900172BB7 /* SectionViewModel.swift in Sources */,
				DC245D462B4E856C005A3280 /* ThemeManager.swift in Sources */,
			);
			runOnlyForDeploymentPostprocessing = 0;
		};
/* End PBXSourcesBuildPhase section */

/* Begin PBXVariantGroup section */
		DCDB90822B4B93FC0047E52C /* LaunchScreen.storyboard */ = {
			isa = PBXVariantGroup;
			children = (
				DCDB90832B4B93FC0047E52C /* Base */,
			);
			name = LaunchScreen.storyboard;
			sourceTree = "<group>";
		};
/* End PBXVariantGroup section */

/* Begin XCBuildConfiguration section */
		DCDB90862B4B93FC0047E52C /* Debug */ = {
			isa = XCBuildConfiguration;
			buildSettings = {
				ALWAYS_SEARCH_USER_PATHS = NO;
				ASSETCATALOG_COMPILER_GENERATE_SWIFT_ASSET_SYMBOL_EXTENSIONS = YES;
				CLANG_ANALYZER_NONNULL = YES;
				CLANG_ANALYZER_NUMBER_OBJECT_CONVERSION = YES_AGGRESSIVE;
				CLANG_CXX_LANGUAGE_STANDARD = "gnu++20";
				CLANG_ENABLE_MODULES = YES;
				CLANG_ENABLE_OBJC_ARC = YES;
				CLANG_ENABLE_OBJC_WEAK = YES;
				CLANG_WARN_BLOCK_CAPTURE_AUTORELEASING = YES;
				CLANG_WARN_BOOL_CONVERSION = YES;
				CLANG_WARN_COMMA = YES;
				CLANG_WARN_CONSTANT_CONVERSION = YES;
				CLANG_WARN_DEPRECATED_OBJC_IMPLEMENTATIONS = YES;
				CLANG_WARN_DIRECT_OBJC_ISA_USAGE = YES_ERROR;
				CLANG_WARN_DOCUMENTATION_COMMENTS = YES;
				CLANG_WARN_EMPTY_BODY = YES;
				CLANG_WARN_ENUM_CONVERSION = YES;
				CLANG_WARN_INFINITE_RECURSION = YES;
				CLANG_WARN_INT_CONVERSION = YES;
				CLANG_WARN_NON_LITERAL_NULL_CONVERSION = YES;
				CLANG_WARN_OBJC_IMPLICIT_RETAIN_SELF = YES;
				CLANG_WARN_OBJC_LITERAL_CONVERSION = YES;
				CLANG_WARN_OBJC_ROOT_CLASS = YES_ERROR;
				CLANG_WARN_QUOTED_INCLUDE_IN_FRAMEWORK_HEADER = YES;
				CLANG_WARN_RANGE_LOOP_ANALYSIS = YES;
				CLANG_WARN_STRICT_PROTOTYPES = YES;
				CLANG_WARN_SUSPICIOUS_MOVE = YES;
				CLANG_WARN_UNGUARDED_AVAILABILITY = YES_AGGRESSIVE;
				CLANG_WARN_UNREACHABLE_CODE = YES;
				CLANG_WARN__DUPLICATE_METHOD_MATCH = YES;
				COPY_PHASE_STRIP = NO;
				DEBUG_INFORMATION_FORMAT = dwarf;
				ENABLE_STRICT_OBJC_MSGSEND = YES;
				ENABLE_TESTABILITY = YES;
				ENABLE_USER_SCRIPT_SANDBOXING = NO;
				GCC_C_LANGUAGE_STANDARD = gnu17;
				GCC_DYNAMIC_NO_PIC = NO;
				GCC_NO_COMMON_BLOCKS = YES;
				GCC_OPTIMIZATION_LEVEL = 0;
				GCC_PREPROCESSOR_DEFINITIONS = (
					"DEBUG=1",
					"$(inherited)",
				);
				GCC_WARN_64_TO_32_BIT_CONVERSION = YES;
				GCC_WARN_ABOUT_RETURN_TYPE = YES_ERROR;
				GCC_WARN_UNDECLARED_SELECTOR = YES;
				GCC_WARN_UNINITIALIZED_AUTOS = YES_AGGRESSIVE;
				GCC_WARN_UNUSED_FUNCTION = YES;
				GCC_WARN_UNUSED_VARIABLE = YES;
				IPHONEOS_DEPLOYMENT_TARGET = 16.0;
				LOCALIZATION_PREFERS_STRING_CATALOGS = YES;
				MTL_ENABLE_DEBUG_INFO = INCLUDE_SOURCE;
				MTL_FAST_MATH = YES;
				ONLY_ACTIVE_ARCH = YES;
				SDKROOT = iphoneos;
				SWIFT_ACTIVE_COMPILATION_CONDITIONS = "DEBUG $(inherited)";
				SWIFT_OPTIMIZATION_LEVEL = "-Onone";
			};
			name = Debug;
		};
		DCDB90872B4B93FC0047E52C /* Release */ = {
			isa = XCBuildConfiguration;
			buildSettings = {
				ALWAYS_SEARCH_USER_PATHS = NO;
				ASSETCATALOG_COMPILER_GENERATE_SWIFT_ASSET_SYMBOL_EXTENSIONS = YES;
				CLANG_ANALYZER_NONNULL = YES;
				CLANG_ANALYZER_NUMBER_OBJECT_CONVERSION = YES_AGGRESSIVE;
				CLANG_CXX_LANGUAGE_STANDARD = "gnu++20";
				CLANG_ENABLE_MODULES = YES;
				CLANG_ENABLE_OBJC_ARC = YES;
				CLANG_ENABLE_OBJC_WEAK = YES;
				CLANG_WARN_BLOCK_CAPTURE_AUTORELEASING = YES;
				CLANG_WARN_BOOL_CONVERSION = YES;
				CLANG_WARN_COMMA = YES;
				CLANG_WARN_CONSTANT_CONVERSION = YES;
				CLANG_WARN_DEPRECATED_OBJC_IMPLEMENTATIONS = YES;
				CLANG_WARN_DIRECT_OBJC_ISA_USAGE = YES_ERROR;
				CLANG_WARN_DOCUMENTATION_COMMENTS = YES;
				CLANG_WARN_EMPTY_BODY = YES;
				CLANG_WARN_ENUM_CONVERSION = YES;
				CLANG_WARN_INFINITE_RECURSION = YES;
				CLANG_WARN_INT_CONVERSION = YES;
				CLANG_WARN_NON_LITERAL_NULL_CONVERSION = YES;
				CLANG_WARN_OBJC_IMPLICIT_RETAIN_SELF = YES;
				CLANG_WARN_OBJC_LITERAL_CONVERSION = YES;
				CLANG_WARN_OBJC_ROOT_CLASS = YES_ERROR;
				CLANG_WARN_QUOTED_INCLUDE_IN_FRAMEWORK_HEADER = YES;
				CLANG_WARN_RANGE_LOOP_ANALYSIS = YES;
				CLANG_WARN_STRICT_PROTOTYPES = YES;
				CLANG_WARN_SUSPICIOUS_MOVE = YES;
				CLANG_WARN_UNGUARDED_AVAILABILITY = YES_AGGRESSIVE;
				CLANG_WARN_UNREACHABLE_CODE = YES;
				CLANG_WARN__DUPLICATE_METHOD_MATCH = YES;
				COPY_PHASE_STRIP = NO;
				DEBUG_INFORMATION_FORMAT = "dwarf-with-dsym";
				ENABLE_NS_ASSERTIONS = NO;
				ENABLE_STRICT_OBJC_MSGSEND = YES;
				ENABLE_USER_SCRIPT_SANDBOXING = NO;
				GCC_C_LANGUAGE_STANDARD = gnu17;
				GCC_NO_COMMON_BLOCKS = YES;
				GCC_WARN_64_TO_32_BIT_CONVERSION = YES;
				GCC_WARN_ABOUT_RETURN_TYPE = YES_ERROR;
				GCC_WARN_UNDECLARED_SELECTOR = YES;
				GCC_WARN_UNINITIALIZED_AUTOS = YES_AGGRESSIVE;
				GCC_WARN_UNUSED_FUNCTION = YES;
				GCC_WARN_UNUSED_VARIABLE = YES;
				IPHONEOS_DEPLOYMENT_TARGET = 16.0;
				LOCALIZATION_PREFERS_STRING_CATALOGS = YES;
				MTL_ENABLE_DEBUG_INFO = NO;
				MTL_FAST_MATH = YES;
				SDKROOT = iphoneos;
				SWIFT_COMPILATION_MODE = wholemodule;
				VALIDATE_PRODUCT = YES;
			};
			name = Release;
		};
		DCDB90892B4B93FC0047E52C /* Debug */ = {
			isa = XCBuildConfiguration;
			baseConfigurationReference = 011B375B72824242E259AB77 /* Pods-InventoryApp.debug.xcconfig */;
			buildSettings = {
				ASSETCATALOG_COMPILER_APPICON_NAME = AppIcon;
				ASSETCATALOG_COMPILER_GLOBAL_ACCENT_COLOR_NAME = AccentColor;
				CODE_SIGN_ENTITLEMENTS = InventoryApp/InventoryApp.entitlements;
				CODE_SIGN_STYLE = Automatic;
				CURRENT_PROJECT_VERSION = 1;
				DEVELOPMENT_TEAM = ZGPM5R49KX;
				GENERATE_INFOPLIST_FILE = YES;
				INFOPLIST_FILE = InventoryApp/Info.plist;
				INFOPLIST_KEY_UIApplicationSupportsIndirectInputEvents = YES;
				INFOPLIST_KEY_UILaunchStoryboardName = LaunchScreen;
				INFOPLIST_KEY_UISupportedInterfaceOrientations_iPad = "UIInterfaceOrientationPortrait UIInterfaceOrientationPortraitUpsideDown UIInterfaceOrientationLandscapeLeft UIInterfaceOrientationLandscapeRight";
				INFOPLIST_KEY_UISupportedInterfaceOrientations_iPhone = "UIInterfaceOrientationPortrait UIInterfaceOrientationLandscapeLeft UIInterfaceOrientationLandscapeRight";
				IPHONEOS_DEPLOYMENT_TARGET = 16.0;
				LD_RUNPATH_SEARCH_PATHS = (
					"$(inherited)",
					"@executable_path/Frameworks",
				);
				MARKETING_VERSION = 1.0;
				PRODUCT_BUNDLE_IDENTIFIER = dajun.InventoryApp;
				PRODUCT_NAME = "$(TARGET_NAME)";
				SWIFT_EMIT_LOC_STRINGS = YES;
				SWIFT_VERSION = 5.0;
				TARGETED_DEVICE_FAMILY = "1,2";
			};
			name = Debug;
		};
		DCDB908A2B4B93FC0047E52C /* Release */ = {
			isa = XCBuildConfiguration;
			baseConfigurationReference = E0E3C27978BC456607E62A37 /* Pods-InventoryApp.release.xcconfig */;
			buildSettings = {
				ASSETCATALOG_COMPILER_APPICON_NAME = AppIcon;
				ASSETCATALOG_COMPILER_GLOBAL_ACCENT_COLOR_NAME = AccentColor;
				CODE_SIGN_ENTITLEMENTS = InventoryApp/InventoryApp.entitlements;
				CODE_SIGN_STYLE = Automatic;
				CURRENT_PROJECT_VERSION = 1;
				DEVELOPMENT_TEAM = ZGPM5R49KX;
				GENERATE_INFOPLIST_FILE = YES;
				INFOPLIST_FILE = InventoryApp/Info.plist;
				INFOPLIST_KEY_UIApplicationSupportsIndirectInputEvents = YES;
				INFOPLIST_KEY_UILaunchStoryboardName = LaunchScreen;
				INFOPLIST_KEY_UISupportedInterfaceOrientations_iPad = "UIInterfaceOrientationPortrait UIInterfaceOrientationPortraitUpsideDown UIInterfaceOrientationLandscapeLeft UIInterfaceOrientationLandscapeRight";
				INFOPLIST_KEY_UISupportedInterfaceOrientations_iPhone = "UIInterfaceOrientationPortrait UIInterfaceOrientationLandscapeLeft UIInterfaceOrientationLandscapeRight";
				IPHONEOS_DEPLOYMENT_TARGET = 16.0;
				LD_RUNPATH_SEARCH_PATHS = (
					"$(inherited)",
					"@executable_path/Frameworks",
				);
				MARKETING_VERSION = 1.0;
				PRODUCT_BUNDLE_IDENTIFIER = dajun.InventoryApp;
				PRODUCT_NAME = "$(TARGET_NAME)";
				SWIFT_EMIT_LOC_STRINGS = YES;
				SWIFT_VERSION = 5.0;
				TARGETED_DEVICE_FAMILY = "1,2";
			};
			name = Release;
		};
/* End XCBuildConfiguration section */

/* Begin XCConfigurationList section */
		DCDB906F2B4B93FB0047E52C /* Build configuration list for PBXProject "InventoryApp" */ = {
			isa = XCConfigurationList;
			buildConfigurations = (
				DCDB90862B4B93FC0047E52C /* Debug */,
				DCDB90872B4B93FC0047E52C /* Release */,
			);
			defaultConfigurationIsVisible = 0;
			defaultConfigurationName = Release;
		};
		DCDB90882B4B93FC0047E52C /* Build configuration list for PBXNativeTarget "InventoryApp" */ = {
			isa = XCConfigurationList;
			buildConfigurations = (
				DCDB90892B4B93FC0047E52C /* Debug */,
				DCDB908A2B4B93FC0047E52C /* Release */,
			);
			defaultConfigurationIsVisible = 0;
			defaultConfigurationName = Release;
		};
/* End XCConfigurationList section */

/* Begin XCVersionGroup section */
		DCD739862B5602EE00B36705 /* AppDataModel.xcdatamodeld */ = {
			isa = XCVersionGroup;
			children = (
				DCD739872B5602EE00B36705 /* AppDataModel.xcdatamodel */,
			);
			currentVersion = DCD739872B5602EE00B36705 /* AppDataModel.xcdatamodel */;
			path = AppDataModel.xcdatamodeld;
			sourceTree = "<group>";
			versionGroupType = wrapper.xcdatamodel;
		};
/* End XCVersionGroup section */
	};
	rootObject = DCDB906C2B4B93FB0047E52C /* Project object */;
}
